
Microsoft Visual Studio Solution File, Format Version 11.00
# Visual Studio 2010
Project("{8BC9CEB8-8B4A-11D0-8D11-00A0C91BC942}") = "text.3_7", "text.3_7\text.3_7.vcxproj", "{9F8C623B-3E67-4FB7-93E0-A5CBA3D9A647}"
EndProject
Global
	GlobalSection(SolutionConfigurationPlatforms) = preSolution
		Debug|Win32 = Debug|Win32
		Release|Win32 = Release|Win32
	EndGlobalSection
	GlobalSection(ProjectConfigurationPlatforms) = postSolution
		{9F8C623B-3E67-4FB7-93E0-A5CBA3D9A647}.Debug|Win32.ActiveCfg = Debug|Win32
		{9F8C623B-3E67-4FB7-93E0-A5CBA3D9A647}.Debug|Win32.Build.0 = Debug|Win32
		{9F8C623B-3E67-4FB7-93E0-A5CBA3D9A647}.Release|Win32.ActiveCfg = Release|Win32
		{9F8C623B-3E67-4FB7-93E0-A5CBA3D9A647}.Release|Win32.Build.0 = Release|Win32
	EndGlobalSection
	GlobalSection(SolutionProperties) = preSolution
		HideSolutionNode = FALSE
	EndGlobalSection
EndGlobal
